// !$*UTF8*$!
{
	archiveVersion = 1;
	classes = {
	};
	objectVersion = 56;
	objects = {

/* Begin PBXBuildFile section */
		058059542C6E815B0073FB26 /* AppDelegate.swift in Sources */ = {isa = PBXBuildFile; fileRef = 058059532C6E815B0073FB26 /* AppDelegate.swift */; };
		058059562C6E815B0073FB26 /* SceneDelegate.swift in Sources */ = {isa = PBXBuildFile; fileRef = 058059552C6E815B0073FB26 /* SceneDelegate.swift */; };
		0580595B2C6E815B0073FB26 /* Base in Resources */ = {isa = PBXBuildFile; fileRef = 0580595A2C6E815B0073FB26 /* Base */; };
		0580595E2C6E815B0073FB26 /* Usport.xcdatamodeld in Sources */ = {isa = PBXBuildFile; fileRef = 0580595C2C6E815B0073FB26 /* Usport.xcdatamodeld */; };
		058059602C6E815C0073FB26 /* Assets.xcassets in Resources */ = {isa = PBXBuildFile; fileRef = 0580595F2C6E815C0073FB26 /* Assets.xcassets */; };
		058059632C6E815C0073FB26 /* Base in Resources */ = {isa = PBXBuildFile; fileRef = 058059622C6E815C0073FB26 /* Base */; };
		0580596E2C6E815D0073FB26 /* UsportTests.swift in Sources */ = {isa = PBXBuildFile; fileRef = 0580596D2C6E815D0073FB26 /* UsportTests.swift */; };
		058059782C6E815D0073FB26 /* UsportUITests.swift in Sources */ = {isa = PBXBuildFile; fileRef = 058059772C6E815D0073FB26 /* UsportUITests.swift */; };
		0580597A2C6E815D0073FB26 /* UsportUITestsLaunchTests.swift in Sources */ = {isa = PBXBuildFile; fileRef = 058059792C6E815D0073FB26 /* UsportUITestsLaunchTests.swift */; };
		058059A42C6E82CD0073FB26 /* NetworkManager.swift in Sources */ = {isa = PBXBuildFile; fileRef = 058059882C6E82CD0073FB26 /* NetworkManager.swift */; };
		058059A52C6E82CD0073FB26 /* Leagues.swift in Sources */ = {isa = PBXBuildFile; fileRef = 0580598D2C6E82CD0073FB26 /* Leagues.swift */; };
		058059A62C6E82CD0073FB26 /* Teams.swift in Sources */ = {isa = PBXBuildFile; fileRef = 0580598E2C6E82CD0073FB26 /* Teams.swift */; };
		058059A72C6E82CD0073FB26 /* TableViewCell.swift in Sources */ = {isa = PBXBuildFile; fileRef = 058059912C6E82CD0073FB26 /* TableViewCell.swift */; };
		058059A82C6E82CD0073FB26 /* TableViewCell.xib in Resources */ = {isa = PBXBuildFile; fileRef = 058059922C6E82CD0073FB26 /* TableViewCell.xib */; };
		058059A92C6E82CD0073FB26 /* TableViewController.swift in Sources */ = {isa = PBXBuildFile; fileRef = 058059932C6E82CD0073FB26 /* TableViewController.swift */; };
		058059AA2C6E82CD0073FB26 /* LeaguesViewModel.swift in Sources */ = {isa = PBXBuildFile; fileRef = 058059952C6E82CD0073FB26 /* LeaguesViewModel.swift */; };
		058059AE2C6E82CD0073FB26 /* TeamsViewController.swift in Sources */ = {isa = PBXBuildFile; fileRef = 0580599D2C6E82CD0073FB26 /* TeamsViewController.swift */; };
		058059AF2C6E82CD0073FB26 /* TeamDetailsViewModel.swift in Sources */ = {isa = PBXBuildFile; fileRef = 0580599F2C6E82CD0073FB26 /* TeamDetailsViewModel.swift */; };
		058059B42C6E84060073FB26 /* Alamofire in Frameworks */ = {isa = PBXBuildFile; productRef = 058059B32C6E84060073FB26 /* Alamofire */; };
		058059B72C6E84740073FB26 /* Kingfisher in Frameworks */ = {isa = PBXBuildFile; productRef = 058059B62C6E84740073FB26 /* Kingfisher */; };
/* End PBXBuildFile section */

/* Begin PBXContainerItemProxy section */
		0580596A2C6E815D0073FB26 /* PBXContainerItemProxy */ = {
			isa = PBXContainerItemProxy;
			containerPortal = 058059482C6E815B0073FB26 /* Project object */;
			proxyType = 1;
			remoteGlobalIDString = 0580594F2C6E815B0073FB26;
			remoteInfo = Usport;
		};
		058059742C6E815D0073FB26 /* PBXContainerItemProxy */ = {
			isa = PBXContainerItemProxy;
			containerPortal = 058059482C6E815B0073FB26 /* Project object */;
			proxyType = 1;
			remoteGlobalIDString = 0580594F2C6E815B0073FB26;
			remoteInfo = Usport;
		};
/* End PBXContainerItemProxy section */

/* Begin PBXFileReference section */
		058059502C6E815B0073FB26 /* Usport.app */ = {isa = PBXFileReference; explicitFileType = wrapper.application; includeInIndex = 0; path = Usport.app; sourceTree = BUILT_PRODUCTS_DIR; };
		058059532C6E815B0073FB26 /* AppDelegate.swift */ = {isa = PBXFileReference; lastKnownFileType = sourcecode.swift; path = AppDelegate.swift; sourceTree = "<group>"; };
		058059552C6E815B0073FB26 /* SceneDelegate.swift */ = {isa = PBXFileReference; lastKnownFileType = sourcecode.swift; path = SceneDelegate.swift; sourceTree = "<group>"; };
		0580595A2C6E815B0073FB26 /* Base */ = {isa = PBXFileReference; lastKnownFileType = file.storyboard; name = Base; path = Base.lproj/Main.storyboard; sourceTree = "<group>"; };
		0580595D2C6E815B0073FB26 /* Usport.xcdatamodel */ = {isa = PBXFileReference; lastKnownFileType = wrapper.xcdatamodel; path = Usport.xcdatamodel; sourceTree = "<group>"; };
		0580595F2C6E815C0073FB26 /* Assets.xcassets */ = {isa = PBXFileReference; lastKnownFileType = folder.assetcatalog; path = Assets.xcassets; sourceTree = "<group>"; };
		058059622C6E815C0073FB26 /* Base */ = {isa = PBXFileReference; lastKnownFileType = file.storyboard; name = Base; path = Base.lproj/LaunchScreen.storyboard; sourceTree = "<group>"; };
		058059642C6E815C0073FB26 /* Info.plist */ = {isa = PBXFileReference; lastKnownFileType = text.plist.xml; path = Info.plist; sourceTree = "<group>"; };
		058059692C6E815D0073FB26 /* UsportTests.xctest */ = {isa = PBXFileReference; explicitFileType = wrapper.cfbundle; includeInIndex = 0; path = UsportTests.xctest; sourceTree = BUILT_PRODUCTS_DIR; };
		0580596D2C6E815D0073FB26 /* UsportTests.swift */ = {isa = PBXFileReference; lastKnownFileType = sourcecode.swift; path = UsportTests.swift; sourceTree = "<group>"; };
		058059732C6E815D0073FB26 /* UsportUITests.xctest */ = {isa = PBXFileReference; explicitFileType = wrapper.cfbundle; includeInIndex = 0; path = UsportUITests.xctest; sourceTree = BUILT_PRODUCTS_DIR; };
		058059772C6E815D0073FB26 /* UsportUITests.swift */ = {isa = PBXFileReference; lastKnownFileType = sourcecode.swift; path = UsportUITests.swift; sourceTree = "<group>"; };
		058059792C6E815D0073FB26 /* UsportUITestsLaunchTests.swift */ = {isa = PBXFileReference; lastKnownFileType = sourcecode.swift; path = UsportUITestsLaunchTests.swift; sourceTree = "<group>"; };
		058059882C6E82CD0073FB26 /* NetworkManager.swift */ = {isa = PBXFileReference; fileEncoding = 4; lastKnownFileType = sourcecode.swift; path = NetworkManager.swift; sourceTree = "<group>"; };
		0580598D2C6E82CD0073FB26 /* Leagues.swift */ = {isa = PBXFileReference; fileEncoding = 4; lastKnownFileType = sourcecode.swift; path = Leagues.swift; sourceTree = "<group>"; };
		0580598E2C6E82CD0073FB26 /* Teams.swift */ = {isa = PBXFileReference; fileEncoding = 4; lastKnownFileType = sourcecode.swift; path = Teams.swift; sourceTree = "<group>"; };
		058059912C6E82CD0073FB26 /* TableViewCell.swift */ = {isa = PBXFileReference; fileEncoding = 4; lastKnownFileType = sourcecode.swift; path = TableViewCell.swift; sourceTree = "<group>"; };
		058059922C6E82CD0073FB26 /* TableViewCell.xib */ = {isa = PBXFileReference; fileEncoding = 4; lastKnownFileType = file.xib; path = TableViewCell.xib; sourceTree = "<group>"; };
		058059932C6E82CD0073FB26 /* TableViewController.swift */ = {isa = PBXFileReference; fileEncoding = 4; lastKnownFileType = sourcecode.swift; path = TableViewController.swift; sourceTree = "<group>"; };
		058059952C6E82CD0073FB26 /* LeaguesViewModel.swift */ = {isa = PBXFileReference; fileEncoding = 4; lastKnownFileType = sourcecode.swift; path = LeaguesViewModel.swift; sourceTree = "<group>"; };
		0580599D2C6E82CD0073FB26 /* TeamsViewController.swift */ = {isa = PBXFileReference; fileEncoding = 4; lastKnownFileType = sourcecode.swift; path = TeamsViewController.swift; sourceTree = "<group>"; };
		0580599F2C6E82CD0073FB26 /* TeamDetailsViewModel.swift */ = {isa = PBXFileReference; fileEncoding = 4; lastKnownFileType = sourcecode.swift; path = TeamDetailsViewModel.swift; sourceTree = "<group>"; };
/* End PBXFileReference section */

/* Begin PBXFrameworksBuildPhase section */
		0580594D2C6E815B0073FB26 /* Frameworks */ = {
			isa = PBXFrameworksBuildPhase;
			buildActionMask = 2147483647;
			files = (
				058059B72C6E84740073FB26 /* Kingfisher in Frameworks */,
				058059B42C6E84060073FB26 /* Alamofire in Frameworks */,
			);
			runOnlyForDeploymentPostprocessing = 0;
		};
		058059662C6E815D0073FB26 /* Frameworks */ = {
			isa = PBXFrameworksBuildPhase;
			buildActionMask = 2147483647;
			files = (
			);
			runOnlyForDeploymentPostprocessing = 0;
		};
		058059702C6E815D0073FB26 /* Frameworks */ = {
			isa = PBXFrameworksBuildPhase;
			buildActionMask = 2147483647;
			files = (
			);
			runOnlyForDeploymentPostprocessing = 0;
		};
/* End PBXFrameworksBuildPhase section */

/* Begin PBXGroup section */
		058059472C6E815B0073FB26 = {
			isa = PBXGroup;
			children = (
				058059522C6E815B0073FB26 /* Usport */,
				0580596C2C6E815D0073FB26 /* UsportTests */,
				058059762C6E815D0073FB26 /* UsportUITests */,
				058059512C6E815B0073FB26 /* Products */,
				058059B22C6E84060073FB26 /* Frameworks */,
			);
			sourceTree = "<group>";
		};
		058059512C6E815B0073FB26 /* Products */ = {
			isa = PBXGroup;
			children = (
				058059502C6E815B0073FB26 /* Usport.app */,
				058059692C6E815D0073FB26 /* UsportTests.xctest */,
				058059732C6E815D0073FB26 /* UsportUITests.xctest */,
			);
			name = Products;
			sourceTree = "<group>";
		};
		058059522C6E815B0073FB26 /* Usport */ = {
			isa = PBXGroup;
			children = (
				0580598B2C6E82CD0073FB26 /* Service */,
				058059902C6E82CD0073FB26 /* Model */,
				058059A22C6E82CD0073FB26 /* Modules */,
				058059B02C6E833E0073FB26 /* View */,
				058059532C6E815B0073FB26 /* AppDelegate.swift */,
				058059552C6E815B0073FB26 /* SceneDelegate.swift */,
				0580595F2C6E815C0073FB26 /* Assets.xcassets */,
				058059642C6E815C0073FB26 /* Info.plist */,
			);
			path = Usport;
			sourceTree = "<group>";
		};
		0580596C2C6E815D0073FB26 /* UsportTests */ = {
			isa = PBXGroup;
			children = (
				0580596D2C6E815D0073FB26 /* UsportTests.swift */,
			);
			path = UsportTests;
			sourceTree = "<group>";
		};
		058059762C6E815D0073FB26 /* UsportUITests */ = {
			isa = PBXGroup;
			children = (
				058059772C6E815D0073FB26 /* UsportUITests.swift */,
				058059792C6E815D0073FB26 /* UsportUITestsLaunchTests.swift */,
			);
			path = UsportUITests;
			sourceTree = "<group>";
		};
		058059872C6E82CD0073FB26 /* CoreDataManager */ = {
			isa = PBXGroup;
			children = (
				0580595C2C6E815B0073FB26 /* Usport.xcdatamodeld */,
			);
			path = CoreDataManager;
			sourceTree = "<group>";
		};
		058059892C6E82CD0073FB26 /* LeaguesNetworkManager */ = {
			isa = PBXGroup;
			children = (
				058059882C6E82CD0073FB26 /* NetworkManager.swift */,
			);
			path = LeaguesNetworkManager;
			sourceTree = "<group>";
		};
		0580598A2C6E82CD0073FB26 /* NetworkManager */ = {
			isa = PBXGroup;
			children = (
				058059892C6E82CD0073FB26 /* LeaguesNetworkManager */,
			);
			path = NetworkManager;
			sourceTree = "<group>";
		};
		0580598B2C6E82CD0073FB26 /* Service */ = {
			isa = PBXGroup;
			children = (
				058059872C6E82CD0073FB26 /* CoreDataManager */,
				0580598A2C6E82CD0073FB26 /* NetworkManager */,
			);
			path = Service;
			sourceTree = "<group>";
		};
		0580598F2C6E82CD0073FB26 /* LeaguesResponse */ = {
			isa = PBXGroup;
			children = (
				0580598D2C6E82CD0073FB26 /* Leagues.swift */,
				0580598E2C6E82CD0073FB26 /* Teams.swift */,
			);
			path = LeaguesResponse;
			sourceTree = "<group>";
		};
		058059902C6E82CD0073FB26 /* Model */ = {
			isa = PBXGroup;
			children = (
				0580598F2C6E82CD0073FB26 /* LeaguesResponse */,
			);
			path = Model;
			sourceTree = "<group>";
		};
		058059942C6E82CD0073FB26 /* view */ = {
			isa = PBXGroup;
			children = (
				058059912C6E82CD0073FB26 /* TableViewCell.swift */,
				058059922C6E82CD0073FB26 /* TableViewCell.xib */,
				058059932C6E82CD0073FB26 /* TableViewController.swift */,
			);
			path = view;
			sourceTree = "<group>";
		};
		058059962C6E82CD0073FB26 /* viewModel */ = {
			isa = PBXGroup;
			children = (
				058059952C6E82CD0073FB26 /* LeaguesViewModel.swift */,
			);
			path = viewModel;
			sourceTree = "<group>";
		};
		058059972C6E82CD0073FB26 /* Leagues */ = {
			isa = PBXGroup;
			children = (
				058059942C6E82CD0073FB26 /* view */,
				058059962C6E82CD0073FB26 /* viewModel */,
			);
			path = Leagues;
			sourceTree = "<group>";
		};
		0580599E2C6E82CD0073FB26 /* view */ = {
			isa = PBXGroup;
			children = (
				0580599D2C6E82CD0073FB26 /* TeamsViewController.swift */,
			);
			path = view;
			sourceTree = "<group>";
		};
		058059A02C6E82CD0073FB26 /* viewModel */ = {
			isa = PBXGroup;
			children = (
				0580599F2C6E82CD0073FB26 /* TeamDetailsViewModel.swift */,
			);
			path = viewModel;
			sourceTree = "<group>";
		};
		058059A12C6E82CD0073FB26 /* TeamDetails */ = {
			isa = PBXGroup;
			children = (
				0580599E2C6E82CD0073FB26 /* view */,
				058059A02C6E82CD0073FB26 /* viewModel */,
			);
			path = TeamDetails;
			sourceTree = "<group>";
		};
		058059A22C6E82CD0073FB26 /* Modules */ = {
			isa = PBXGroup;
			children = (
				058059972C6E82CD0073FB26 /* Leagues */,
				058059A12C6E82CD0073FB26 /* TeamDetails */,
			);
			path = Modules;
			sourceTree = "<group>";
		};
		058059B02C6E833E0073FB26 /* View */ = {
			isa = PBXGroup;
			children = (
				058059592C6E815B0073FB26 /* Main.storyboard */,
				058059612C6E815C0073FB26 /* LaunchScreen.storyboard */,
			);
			path = View;
			sourceTree = "<group>";
		};
		058059B22C6E84060073FB26 /* Frameworks */ = {
			isa = PBXGroup;
			children = (
			);
			name = Frameworks;
			sourceTree = "<group>";
		};
/* End PBXGroup section */

/* Begin PBXNativeTarget section */
		0580594F2C6E815B0073FB26 /* Usport */ = {
			isa = PBXNativeTarget;
			buildConfigurationList = 0580597D2C6E815D0073FB26 /* Build configuration list for PBXNativeTarget "Usport" */;
			buildPhases = (
				0580594C2C6E815B0073FB26 /* Sources */,
				0580594D2C6E815B0073FB26 /* Frameworks */,
				0580594E2C6E815B0073FB26 /* Resources */,
			);
			buildRules = (
			);
			dependencies = (
			);
			name = Usport;
			packageProductDependencies = (
				058059B32C6E84060073FB26 /* Alamofire */,
				058059B62C6E84740073FB26 /* Kingfisher */,
			);
			productName = Usport;
			productReference = 058059502C6E815B0073FB26 /* Usport.app */;
			productType = "com.apple.product-type.application";
		};
		058059682C6E815D0073FB26 /* UsportTests */ = {
			isa = PBXNativeTarget;
			buildConfigurationList = 058059802C6E815D0073FB26 /* Build configuration list for PBXNativeTarget "UsportTests" */;
			buildPhases = (
				058059652C6E815D0073FB26 /* Sources */,
				058059662C6E815D0073FB26 /* Frameworks */,
				058059672C6E815D0073FB26 /* Resources */,
			);
			buildRules = (
			);
			dependencies = (
				0580596B2C6E815D0073FB26 /* PBXTargetDependency */,
			);
			name = UsportTests;
			productName = UsportTests;
			productReference = 058059692C6E815D0073FB26 /* UsportTests.xctest */;
			productType = "com.apple.product-type.bundle.unit-test";
		};
		058059722C6E815D0073FB26 /* UsportUITests */ = {
			isa = PBXNativeTarget;
			buildConfigurationList = 058059832C6E815D0073FB26 /* Build configuration list for PBXNativeTarget "UsportUITests" */;
			buildPhases = (
				0580596F2C6E815D0073FB26 /* Sources */,
				058059702C6E815D0073FB26 /* Frameworks */,
				058059712C6E815D0073FB26 /* Resources */,
			);
			buildRules = (
			);
			dependencies = (
				058059752C6E815D0073FB26 /* PBXTargetDependency */,
			);
			name = UsportUITests;
			productName = UsportUITests;
			productReference = 058059732C6E815D0073FB26 /* UsportUITests.xctest */;
			productType = "com.apple.product-type.bundle.ui-testing";
		};
/* End PBXNativeTarget section */

/* Begin PBXProject section */
		058059482C6E815B0073FB26 /* Project object */ = {
			isa = PBXProject;
			attributes = {
				BuildIndependentTargetsInParallel = 1;
				LastSwiftUpdateCheck = 1540;
				LastUpgradeCheck = 1540;
				TargetAttributes = {
					0580594F2C6E815B0073FB26 = {
						CreatedOnToolsVersion = 15.4;
					};
					058059682C6E815D0073FB26 = {
						CreatedOnToolsVersion = 15.4;
						TestTargetID = 0580594F2C6E815B0073FB26;
					};
					058059722C6E815D0073FB26 = {
						CreatedOnToolsVersion = 15.4;
						TestTargetID = 0580594F2C6E815B0073FB26;
					};
				};
			};
			buildConfigurationList = 0580594B2C6E815B0073FB26 /* Build configuration list for PBXProject "Usport" */;
			compatibilityVersion = "Xcode 14.0";
			developmentRegion = en;
			hasScannedForEncodings = 0;
			knownRegions = (
				en,
				Base,
			);
			mainGroup = 058059472C6E815B0073FB26;
			packageReferences = (
				058059B12C6E83DC0073FB26 /* XCRemoteSwiftPackageReference "Alamofire" */,
				058059B52C6E84690073FB26 /* XCRemoteSwiftPackageReference "Kingfisher" */,
			);
			productRefGroup = 058059512C6E815B0073FB26 /* Products */;
			projectDirPath = "";
			projectRoot = "";
			targets = (
				0580594F2C6E815B0073FB26 /* Usport */,
				058059682C6E815D0073FB26 /* UsportTests */,
				058059722C6E815D0073FB26 /* UsportUITests */,
			);
		};
/* End PBXProject section */

/* Begin PBXResourcesBuildPhase section */
		0580594E2C6E815B0073FB26 /* Resources */ = {
			isa = PBXResourcesBuildPhase;
			buildActionMask = 2147483647;
			files = (
				058059602C6E815C0073FB26 /* Assets.xcassets in Resources */,
				058059A82C6E82CD0073FB26 /* TableViewCell.xib in Resources */,
				058059632C6E815C0073FB26 /* Base in Resources */,
				0580595B2C6E815B0073FB26 /* Base in Resources */,
			);
			runOnlyForDeploymentPostprocessing = 0;
		};
		058059672C6E815D0073FB26 /* Resources */ = {
			isa = PBXResourcesBuildPhase;
			buildActionMask = 2147483647;
			files = (
			);
			runOnlyForDeploymentPostprocessing = 0;
		};
		058059712C6E815D0073FB26 /* Resources */ = {
			isa = PBXResourcesBuildPhase;
			buildActionMask = 2147483647;
			files = (
			);
			runOnlyForDeploymentPostprocessing = 0;
		};
/* End PBXResourcesBuildPhase section */

/* Begin PBXSourcesBuildPhase section */
		0580594C2C6E815B0073FB26 /* Sources */ = {
			isa = PBXSourcesBuildPhase;
			buildActionMask = 2147483647;
			files = (
				058059A62C6E82CD0073FB26 /* Teams.swift in Sources */,
				058059A42C6E82CD0073FB26 /* NetworkManager.swift in Sources */,
				0580595E2C6E815B0073FB26 /* Usport.xcdatamodeld in Sources */,
				058059AE2C6E82CD0073FB26 /* TeamsViewController.swift in Sources */,
				058059A92C6E82CD0073FB26 /* TableViewController.swift in Sources */,
				058059AA2C6E82CD0073FB26 /* LeaguesViewModel.swift in Sources */,
				058059AF2C6E82CD0073FB26 /* TeamDetailsViewModel.swift in Sources */,
				058059A72C6E82CD0073FB26 /* TableViewCell.swift in Sources */,
				058059A52C6E82CD0073FB26 /* Leagues.swift in Sources */,
				058059542C6E815B0073FB26 /* AppDelegate.swift in Sources */,
				058059562C6E815B0073FB26 /* SceneDelegate.swift in Sources */,
			);
			runOnlyForDeploymentPostprocessing = 0;
		};
		058059652C6E815D0073FB26 /* Sources */ = {
			isa = PBXSourcesBuildPhase;
			buildActionMask = 2147483647;
			files = (
				0580596E2C6E815D0073FB26 /* UsportTests.swift in Sources */,
			);
			runOnlyForDeploymentPostprocessing = 0;
		};
		0580596F2C6E815D0073FB26 /* Sources */ = {
			isa = PBXSourcesBuildPhase;
			buildActionMask = 2147483647;
			files = (
				058059782C6E815D0073FB26 /* UsportUITests.swift in Sources */,
				0580597A2C6E815D0073FB26 /* UsportUITestsLaunchTests.swift in Sources */,
			);
			runOnlyForDeploymentPostprocessing = 0;
		};
/* End PBXSourcesBuildPhase section */

/* Begin PBXTargetDependency section */
		0580596B2C6E815D0073FB26 /* PBXTargetDependency */ = {
			isa = PBXTargetDependency;
			target = 0580594F2C6E815B0073FB26 /* Usport */;
			targetProxy = 0580596A2C6E815D0073FB26 /* PBXContainerItemProxy */;
		};
		058059752C6E815D0073FB26 /* PBXTargetDependency */ = {
			isa = PBXTargetDependency;
			target = 0580594F2C6E815B0073FB26 /* Usport */;
			targetProxy = 058059742C6E815D0073FB26 /* PBXContainerItemProxy */;
		};
/* End PBXTargetDependency section */

/* Begin PBXVariantGroup section */
		058059592C6E815B0073FB26 /* Main.storyboard */ = {
			isa = PBXVariantGroup;
			children = (
				0580595A2C6E815B0073FB26 /* Base */,
			);
			name = Main.storyboard;
			sourceTree = "<group>";
		};
		058059612C6E815C0073FB26 /* LaunchScreen.storyboard */ = {
			isa = PBXVariantGroup;
			children = (
				058059622C6E815C0073FB26 /* Base */,
			);
			name = LaunchScreen.storyboard;
			sourceTree = "<group>";
		};
/* End PBXVariantGroup section */

/* Begin XCBuildConfiguration section */
		0580597B2C6E815D0073FB26 /* Debug */ = {
			isa = XCBuildConfiguration;
			buildSettings = {
				ALWAYS_SEARCH_USER_PATHS = NO;
				ASSETCATALOG_COMPILER_GENERATE_SWIFT_ASSET_SYMBOL_EXTENSIONS = YES;
				CLANG_ANALYZER_NONNULL = YES;
				CLANG_ANALYZER_NUMBER_OBJECT_CONVERSION = YES_AGGRESSIVE;
				CLANG_CXX_LANGUAGE_STANDARD = "gnu++20";
				CLANG_ENABLE_MODULES = YES;
				CLANG_ENABLE_OBJC_ARC = YES;
				CLANG_ENABLE_OBJC_WEAK = YES;
				CLANG_WARN_BLOCK_CAPTURE_AUTORELEASING = YES;
				CLANG_WARN_BOOL_CONVERSION = YES;
				CLANG_WARN_COMMA = YES;
				CLANG_WARN_CONSTANT_CONVERSION = YES;
				CLANG_WARN_DEPRECATED_OBJC_IMPLEMENTATIONS = YES;
				CLANG_WARN_DIRECT_OBJC_ISA_USAGE = YES_ERROR;
				CLANG_WARN_DOCUMENTATION_COMMENTS = YES;
				CLANG_WARN_EMPTY_BODY = YES;
				CLANG_WARN_ENUM_CONVERSION = YES;
				CLANG_WARN_INFINITE_RECURSION = YES;
				CLANG_WARN_INT_CONVERSION = YES;
				CLANG_WARN_NON_LITERAL_NULL_CONVERSION = YES;
				CLANG_WARN_OBJC_IMPLICIT_RETAIN_SELF = YES;
				CLANG_WARN_OBJC_LITERAL_CONVERSION = YES;
				CLANG_WARN_OBJC_ROOT_CLASS = YES_ERROR;
				CLANG_WARN_QUOTED_INCLUDE_IN_FRAMEWORK_HEADER = YES;
				CLANG_WARN_RANGE_LOOP_ANALYSIS = YES;
				CLANG_WARN_STRICT_PROTOTYPES = YES;
				CLANG_WARN_SUSPICIOUS_MOVE = YES;
				CLANG_WARN_UNGUARDED_AVAILABILITY = YES_AGGRESSIVE;
				CLANG_WARN_UNREACHABLE_CODE = YES;
				CLANG_WARN__DUPLICATE_METHOD_MATCH = YES;
				COPY_PHASE_STRIP = NO;
				DEBUG_INFORMATION_FORMAT = dwarf;
				ENABLE_STRICT_OBJC_MSGSEND = YES;
				ENABLE_TESTABILITY = YES;
				ENABLE_USER_SCRIPT_SANDBOXING = YES;
				GCC_C_LANGUAGE_STANDARD = gnu17;
				GCC_DYNAMIC_NO_PIC = NO;
				GCC_NO_COMMON_BLOCKS = YES;
				GCC_OPTIMIZATION_LEVEL = 0;
				GCC_PREPROCESSOR_DEFINITIONS = (
					"DEBUG=1",
					"$(inherited)",
				);
				GCC_WARN_64_TO_32_BIT_CONVERSION = YES;
				GCC_WARN_ABOUT_RETURN_TYPE = YES_ERROR;
				GCC_WARN_UNDECLARED_SELECTOR = YES;
				GCC_WARN_UNINITIALIZED_AUTOS = YES_AGGRESSIVE;
				GCC_WARN_UNUSED_FUNCTION = YES;
				GCC_WARN_UNUSED_VARIABLE = YES;
				IPHONEOS_DEPLOYMENT_TARGET = 17.5;
				LOCALIZATION_PREFERS_STRING_CATALOGS = YES;
				MTL_ENABLE_DEBUG_INFO = INCLUDE_SOURCE;
				MTL_FAST_MATH = YES;
				ONLY_ACTIVE_ARCH = YES;
				SDKROOT = iphoneos;
				SWIFT_ACTIVE_COMPILATION_CONDITIONS = "DEBUG $(inherited)";
				SWIFT_OPTIMIZATION_LEVEL = "-Onone";
			};
			name = Debug;
		};
		0580597C2C6E815D0073FB26 /* Release */ = {
			isa = XCBuildConfiguration;
			buildSettings = {
				ALWAYS_SEARCH_USER_PATHS = NO;
				ASSETCATALOG_COMPILER_GENERATE_SWIFT_ASSET_SYMBOL_EXTENSIONS = YES;
				CLANG_ANALYZER_NONNULL = YES;
				CLANG_ANALYZER_NUMBER_OBJECT_CONVERSION = YES_AGGRESSIVE;
				CLANG_CXX_LANGUAGE_STANDARD = "gnu++20";
				CLANG_ENABLE_MODULES = YES;
				CLANG_ENABLE_OBJC_ARC = YES;
				CLANG_ENABLE_OBJC_WEAK = YES;
				CLANG_WARN_BLOCK_CAPTURE_AUTORELEASING = YES;
				CLANG_WARN_BOOL_CONVERSION = YES;
				CLANG_WARN_COMMA = YES;
				CLANG_WARN_CONSTANT_CONVERSION = YES;
				CLANG_WARN_DEPRECATED_OBJC_IMPLEMENTATIONS = YES;
				CLANG_WARN_DIRECT_OBJC_ISA_USAGE = YES_ERROR;
				CLANG_WARN_DOCUMENTATION_COMMENTS = YES;
				CLANG_WARN_EMPTY_BODY = YES;
				CLANG_WARN_ENUM_CONVERSION = YES;
				CLANG_WARN_INFINITE_RECURSION = YES;
				CLANG_WARN_INT_CONVERSION = YES;
				CLANG_WARN_NON_LITERAL_NULL_CONVERSION = YES;
				CLANG_WARN_OBJC_IMPLICIT_RETAIN_SELF = YES;
				CLANG_WARN_OBJC_LITERAL_CONVERSION = YES;
				CLANG_WARN_OBJC_ROOT_CLASS = YES_ERROR;
				CLANG_WARN_QUOTED_INCLUDE_IN_FRAMEWORK_HEADER = YES;
				CLANG_WARN_RANGE_LOOP_ANALYSIS = YES;
				CLANG_WARN_STRICT_PROTOTYPES = YES;
				CLANG_WARN_SUSPICIOUS_MOVE = YES;
				CLANG_WARN_UNGUARDED_AVAILABILITY = YES_AGGRESSIVE;
				CLANG_WARN_UNREACHABLE_CODE = YES;
				CLANG_WARN__DUPLICATE_METHOD_MATCH = YES;
				COPY_PHASE_STRIP = NO;
				DEBUG_INFORMATION_FORMAT = "dwarf-with-dsym";
				ENABLE_NS_ASSERTIONS = NO;
				ENABLE_STRICT_OBJC_MSGSEND = YES;
				ENABLE_USER_SCRIPT_SANDBOXING = YES;
				GCC_C_LANGUAGE_STANDARD = gnu17;
				GCC_NO_COMMON_BLOCKS = YES;
				GCC_WARN_64_TO_32_BIT_CONVERSION = YES;
				GCC_WARN_ABOUT_RETURN_TYPE = YES_ERROR;
				GCC_WARN_UNDECLARED_SELECTOR = YES;
				GCC_WARN_UNINITIALIZED_AUTOS = YES_AGGRESSIVE;
				GCC_WARN_UNUSED_FUNCTION = YES;
				GCC_WARN_UNUSED_VARIABLE = YES;
				IPHONEOS_DEPLOYMENT_TARGET = 17.5;
				LOCALIZATION_PREFERS_STRING_CATALOGS = YES;
				MTL_ENABLE_DEBUG_INFO = NO;
				MTL_FAST_MATH = YES;
				SDKROOT = iphoneos;
				SWIFT_COMPILATION_MODE = wholemodule;
				VALIDATE_PRODUCT = YES;
			};
			name = Release;
		};
		0580597E2C6E815D0073FB26 /* Debug */ = {
			isa = XCBuildConfiguration;
			buildSettings = {
				ASSETCATALOG_COMPILER_APPICON_NAME = AppIcon;
				ASSETCATALOG_COMPILER_GLOBAL_ACCENT_COLOR_NAME = AccentColor;
				CODE_SIGN_STYLE = Automatic;
				CURRENT_PROJECT_VERSION = 1;
				GENERATE_INFOPLIST_FILE = YES;
				INFOPLIST_FILE = Usport/Info.plist;
				INFOPLIST_KEY_UIApplicationSupportsIndirectInputEvents = YES;
				INFOPLIST_KEY_UILaunchStoryboardName = LaunchScreen;
				INFOPLIST_KEY_UIMainStoryboardFile = Main;
				INFOPLIST_KEY_UISupportedInterfaceOrientations_iPad = "UIInterfaceOrientationPortrait UIInterfaceOrientationPortraitUpsideDown UIInterfaceOrientationLandscapeLeft UIInterfaceOrientationLandscapeRight";
				INFOPLIST_KEY_UISupportedInterfaceOrientations_iPhone = "UIInterfaceOrientationPortrait UIInterfaceOrientationLandscapeLeft UIInterfaceOrientationLandscapeRight";
				LD_RUNPATH_SEARCH_PATHS = (
					"$(inherited)",
					"@executable_path/Frameworks",
				);
				MARKETING_VERSION = 1.0;
				PRODUCT_BUNDLE_IDENTIFIER = com.Usport;
				PRODUCT_NAME = "$(TARGET_NAME)";
				SWIFT_EMIT_LOC_STRINGS = YES;
				SWIFT_VERSION = 5.0;
				TARGETED_DEVICE_FAMILY = "1,2";
			};
			name = Debug;
		};
		0580597F2C6E815D0073FB26 /* Release */ = {
			isa = XCBuildConfiguration;
			buildSettings = {
				ASSETCATALOG_COMPILER_APPICON_NAME = AppIcon;
				ASSETCATALOG_COMPILER_GLOBAL_ACCENT_COLOR_NAME = AccentColor;
				CODE_SIGN_STYLE = Automatic;
				CURRENT_PROJECT_VERSION = 1;
				GENERATE_INFOPLIST_FILE = YES;
				INFOPLIST_FILE = Usport/Info.plist;
				INFOPLIST_KEY_UIApplicationSupportsIndirectInputEvents = YES;
				INFOPLIST_KEY_UILaunchStoryboardName = LaunchScreen;
				INFOPLIST_KEY_UIMainStoryboardFile = Main;
				INFOPLIST_KEY_UISupportedInterfaceOrientations_iPad = "UIInterfaceOrientationPortrait UIInterfaceOrientationPortraitUpsideDown UIInterfaceOrientationLandscapeLeft UIInterfaceOrientationLandscapeRight";
				INFOPLIST_KEY_UISupportedInterfaceOrientations_iPhone = "UIInterfaceOrientationPortrait UIInterfaceOrientationLandscapeLeft UIInterfaceOrientationLandscapeRight";
				LD_RUNPATH_SEARCH_PATHS = (
					"$(inherited)",
					"@executable_path/Frameworks",
				);
				MARKETING_VERSION = 1.0;
				PRODUCT_BUNDLE_IDENTIFIER = com.Usport;
				PRODUCT_NAME = "$(TARGET_NAME)";
				SWIFT_EMIT_LOC_STRINGS = YES;
				SWIFT_VERSION = 5.0;
				TARGETED_DEVICE_FAMILY = "1,2";
			};
			name = Release;
		};
		058059812C6E815D0073FB26 /* Debug */ = {
			isa = XCBuildConfiguration;
			buildSettings = {
				ALWAYS_EMBED_SWIFT_STANDARD_LIBRARIES = YES;
				BUNDLE_LOADER = "$(TEST_HOST)";
				CODE_SIGN_STYLE = Automatic;
				CURRENT_PROJECT_VERSION = 1;
				GENERATE_INFOPLIST_FILE = YES;
				IPHONEOS_DEPLOYMENT_TARGET = 17.5;
				MARKETING_VERSION = 1.0;
				PRODUCT_BUNDLE_IDENTIFIER = com.UsportTests;
				PRODUCT_NAME = "$(TARGET_NAME)";
				SWIFT_EMIT_LOC_STRINGS = NO;
				SWIFT_VERSION = 5.0;
				TARGETED_DEVICE_FAMILY = "1,2";
				TEST_HOST = "$(BUILT_PRODUCTS_DIR)/Usport.app/$(BUNDLE_EXECUTABLE_FOLDER_PATH)/Usport";
			};
			name = Debug;
		};
		058059822C6E815D0073FB26 /* Release */ = {
			isa = XCBuildConfiguration;
			buildSettings = {
				ALWAYS_EMBED_SWIFT_STANDARD_LIBRARIES = YES;
				BUNDLE_LOADER = "$(TEST_HOST)";
				CODE_SIGN_STYLE = Automatic;
				CURRENT_PROJECT_VERSION = 1;
				GENERATE_INFOPLIST_FILE = YES;
				IPHONEOS_DEPLOYMENT_TARGET = 17.5;
				MARKETING_VERSION = 1.0;
				PRODUCT_BUNDLE_IDENTIFIER = com.UsportTests;
				PRODUCT_NAME = "$(TARGET_NAME)";
				SWIFT_EMIT_LOC_STRINGS = NO;
				SWIFT_VERSION = 5.0;
				TARGETED_DEVICE_FAMILY = "1,2";
				TEST_HOST = "$(BUILT_PRODUCTS_DIR)/Usport.app/$(BUNDLE_EXECUTABLE_FOLDER_PATH)/Usport";
			};
			name = Release;
		};
		058059842C6E815D0073FB26 /* Debug */ = {
			isa = XCBuildConfiguration;
			buildSettings = {
				ALWAYS_EMBED_SWIFT_STANDARD_LIBRARIES = YES;
				CODE_SIGN_STYLE = Automatic;
				CURRENT_PROJECT_VERSION = 1;
				GENERATE_INFOPLIST_FILE = YES;
				MARKETING_VERSION = 1.0;
				PRODUCT_BUNDLE_IDENTIFIER = com.UsportUITests;
				PRODUCT_NAME = "$(TARGET_NAME)";
				SWIFT_EMIT_LOC_STRINGS = NO;
				SWIFT_VERSION = 5.0;
				TARGETED_DEVICE_FAMILY = "1,2";
				TEST_TARGET_NAME = Usport;
			};
			name = Debug;
		};
		058059852C6E815D0073FB26 /* Release */ = {
			isa = XCBuildConfiguration;
			buildSettings = {
				ALWAYS_EMBED_SWIFT_STANDARD_LIBRARIES = YES;
				CODE_SIGN_STYLE = Automatic;
				CURRENT_PROJECT_VERSION = 1;
				GENERATE_INFOPLIST_FILE = YES;
				MARKETING_VERSION = 1.0;
				PRODUCT_BUNDLE_IDENTIFIER = com.UsportUITests;
				PRODUCT_NAME = "$(TARGET_NAME)";
				SWIFT_EMIT_LOC_STRINGS = NO;
				SWIFT_VERSION = 5.0;
				TARGETED_DEVICE_FAMILY = "1,2";
				TEST_TARGET_NAME = Usport;
			};
			name = Release;
		};
/* End XCBuildConfiguration section */

/* Begin XCConfigurationList section */
		0580594B2C6E815B0073FB26 /* Build configuration list for PBXProject "Usport" */ = {
			isa = XCConfigurationList;
			buildConfigurations = (
				0580597B2C6E815D0073FB26 /* Debug */,
				0580597C2C6E815D0073FB26 /* Release */,
			);
			defaultConfigurationIsVisible = 0;
			defaultConfigurationName = Release;
		};
		0580597D2C6E815D0073FB26 /* Build configuration list for PBXNativeTarget "Usport" */ = {
			isa = XCConfigurationList;
			buildConfigurations = (
				0580597E2C6E815D0073FB26 /* Debug */,
				0580597F2C6E815D0073FB26 /* Release */,
			);
			defaultConfigurationIsVisible = 0;
			defaultConfigurationName = Release;
		};
		058059802C6E815D0073FB26 /* Build configuration list for PBXNativeTarget "UsportTests" */ = {
			isa = XCConfigurationList;
			buildConfigurations = (
				058059812C6E815D0073FB26 /* Debug */,
				058059822C6E815D0073FB26 /* Release */,
			);
			defaultConfigurationIsVisible = 0;
			defaultConfigurationName = Release;
		};
		058059832C6E815D0073FB26 /* Build configuration list for PBXNativeTarget "UsportUITests" */ = {
			isa = XCConfigurationList;
			buildConfigurations = (
				058059842C6E815D0073FB26 /* Debug */,
				058059852C6E815D0073FB26 /* Release */,
			);
			defaultConfigurationIsVisible = 0;
			defaultConfigurationName = Release;
		};
/* End XCConfigurationList section */

/* Begin XCRemoteSwiftPackageReference section */
		058059B12C6E83DC0073FB26 /* XCRemoteSwiftPackageReference "Alamofire" */ = {
			isa = XCRemoteSwiftPackageReference;
			repositoryURL = "https://github.com/Alamofire/Alamofire.git";
			requirement = {
				kind = upToNextMajorVersion;
				minimumVersion = 5.9.1;
			};
		};
		058059B52C6E84690073FB26 /* XCRemoteSwiftPackageReference "Kingfisher" */ = {
			isa = XCRemoteSwiftPackageReference;
			repositoryURL = "https://github.com/onevcat/Kingfisher.git";
			requirement = {
				kind = upToNextMajorVersion;
				minimumVersion = 7.12.0;
			};
		};
/* End XCRemoteSwiftPackageReference section */

/* Begin XCSwiftPackageProductDependency section */
		058059B32C6E84060073FB26 /* Alamofire */ = {
			isa = XCSwiftPackageProductDependency;
			package = 058059B12C6E83DC0073FB26 /* XCRemoteSwiftPackageReference "Alamofire" */;
			productName = Alamofire;
		};
		058059B62C6E84740073FB26 /* Kingfisher */ = {
			isa = XCSwiftPackageProductDependency;
			package = 058059B52C6E84690073FB26 /* XCRemoteSwiftPackageReference "Kingfisher" */;
			productName = Kingfisher;
		};
/* End XCSwiftPackageProductDependency section */

/* Begin XCVersionGroup section */
		0580595C2C6E815B0073FB26 /* Usport.xcdatamodeld */ = {
			isa = XCVersionGroup;
			children = (
				0580595D2C6E815B0073FB26 /* Usport.xcdatamodel */,
			);
			currentVersion = 0580595D2C6E815B0073FB26 /* Usport.xcdatamodel */;
			path = Usport.xcdatamodeld;
			sourceTree = "<group>";
			versionGroupType = wrapper.xcdatamodel;
		};
/* End XCVersionGroup section */
	};
	rootObject = 058059482C6E815B0073FB26 /* Project object */;
}
