// !$*UTF8*$!
{
	archiveVersion = 1;
	classes = {
	};
	objectVersion = 56;
	objects = {

/* Begin PBXBuildFile section */
		054D3B472C70A8110049E64F /* Internet Connectivity.swift in Sources */ = {isa = PBXBuildFile; fileRef = 054D3B462C70A8110049E64F /* Internet Connectivity.swift */; };
		054D3B4E2C71DB520049E64F /* Events.swift in Sources */ = {isa = PBXBuildFile; fileRef = 054D3B4D2C71DB520049E64F /* Events.swift */; };
		058059542C6E815B0073FB26 /* AppDelegate.swift in Sources */ = {isa = PBXBuildFile; fileRef = 058059532C6E815B0073FB26 /* AppDelegate.swift */; };
		058059562C6E815B0073FB26 /* SceneDelegate.swift in Sources */ = {isa = PBXBuildFile; fileRef = 058059552C6E815B0073FB26 /* SceneDelegate.swift */; };
		0580595B2C6E815B0073FB26 /* Base in Resources */ = {isa = PBXBuildFile; fileRef = 0580595A2C6E815B0073FB26 /* Base */; };
		058059602C6E815C0073FB26 /* Assets.xcassets in Resources */ = {isa = PBXBuildFile; fileRef = 0580595F2C6E815C0073FB26 /* Assets.xcassets */; };
		058059632C6E815C0073FB26 /* Base in Resources */ = {isa = PBXBuildFile; fileRef = 058059622C6E815C0073FB26 /* Base */; };
		0580596E2C6E815D0073FB26 /* UsportTests.swift in Sources */ = {isa = PBXBuildFile; fileRef = 0580596D2C6E815D0073FB26 /* UsportTests.swift */; };
		058059782C6E815D0073FB26 /* UsportUITests.swift in Sources */ = {isa = PBXBuildFile; fileRef = 058059772C6E815D0073FB26 /* UsportUITests.swift */; };
		0580597A2C6E815D0073FB26 /* UsportUITestsLaunchTests.swift in Sources */ = {isa = PBXBuildFile; fileRef = 058059792C6E815D0073FB26 /* UsportUITestsLaunchTests.swift */; };
		05F135672C6FD260009D80A8 /* CollectionViewCell.swift in Sources */ = {isa = PBXBuildFile; fileRef = 05F135612C6FD260009D80A8 /* CollectionViewCell.swift */; };
		05F135682C6FD260009D80A8 /* TeamsViewController.swift in Sources */ = {isa = PBXBuildFile; fileRef = 05F135622C6FD260009D80A8 /* TeamsViewController.swift */; };
		05F135692C6FD260009D80A8 /* TeamDetailsViewModel.swift in Sources */ = {isa = PBXBuildFile; fileRef = 05F135642C6FD260009D80A8 /* TeamDetailsViewModel.swift */; };
		05F1357B2C6FD395009D80A8 /* TableViewCell.xib in Resources */ = {isa = PBXBuildFile; fileRef = 05F1357A2C6FD395009D80A8 /* TableViewCell.xib */; };
		05F1357D2C6FD39A009D80A8 /* TableViewCell.swift in Sources */ = {isa = PBXBuildFile; fileRef = 05F1357C2C6FD39A009D80A8 /* TableViewCell.swift */; };
		05F1357F2C6FD3B6009D80A8 /* LeaguesViewModel.swift in Sources */ = {isa = PBXBuildFile; fileRef = 05F1357E2C6FD3B6009D80A8 /* LeaguesViewModel.swift */; };
		05F135942C6FD471009D80A8 /* NetworkManager.swift in Sources */ = {isa = PBXBuildFile; fileRef = 05F1358C2C6FD471009D80A8 /* NetworkManager.swift */; };
		05F135A32C6FD667009D80A8 /* Teams.swift in Sources */ = {isa = PBXBuildFile; fileRef = 05F135A22C6FD667009D80A8 /* Teams.swift */; };
		05F135A52C6FD674009D80A8 /* Leagues.swift in Sources */ = {isa = PBXBuildFile; fileRef = 05F135A42C6FD674009D80A8 /* Leagues.swift */; };
		05F135A72C6FDA58009D80A8 /* TableViewController.swift in Sources */ = {isa = PBXBuildFile; fileRef = 05F135A62C6FDA58009D80A8 /* TableViewController.swift */; };
		05F135AC2C6FDAD6009D80A8 /* Kingfisher in Frameworks */ = {isa = PBXBuildFile; productRef = 05F135AB2C6FDAD6009D80A8 /* Kingfisher */; };
		05F135AE2C6FDADC009D80A8 /* Alamofire in Frameworks */ = {isa = PBXBuildFile; productRef = 05F135AD2C6FDADC009D80A8 /* Alamofire */; };
		150FB8F32C7212DB00F13F73 /* teamCollectionViewCell.swift in Sources */ = {isa = PBXBuildFile; fileRef = 150FB8F22C7212DB00F13F73 /* teamCollectionViewCell.swift */; };
		153BA2882C6FCD4300B03119 /* HomeViewController.swift in Sources */ = {isa = PBXBuildFile; fileRef = 153BA2872C6FCD4300B03119 /* HomeViewController.swift */; };
		153BA28A2C6FCDC800B03119 /* HomeCollectionViewCell.swift in Sources */ = {isa = PBXBuildFile; fileRef = 153BA2892C6FCDC800B03119 /* HomeCollectionViewCell.swift */; };
		153BA28C2C6FCE5100B03119 /* leaguesdetails.swift in Sources */ = {isa = PBXBuildFile; fileRef = 153BA28B2C6FCE5100B03119 /* leaguesdetails.swift */; };
		153BA28E2C6FCE7A00B03119 /* viewmodel.swift in Sources */ = {isa = PBXBuildFile; fileRef = 153BA28D2C6FCE7A00B03119 /* viewmodel.swift */; };
		153BA2902C6FCEA100B03119 /* homeViewModel.swift in Sources */ = {isa = PBXBuildFile; fileRef = 153BA28F2C6FCEA100B03119 /* homeViewModel.swift */; };
/* End PBXBuildFile section */

/* Begin PBXContainerItemProxy section */
		0580596A2C6E815D0073FB26 /* PBXContainerItemProxy */ = {
			isa = PBXContainerItemProxy;
			containerPortal = 058059482C6E815B0073FB26 /* Project object */;
			proxyType = 1;
			remoteGlobalIDString = 0580594F2C6E815B0073FB26;
			remoteInfo = Usport;
		};
		058059742C6E815D0073FB26 /* PBXContainerItemProxy */ = {
			isa = PBXContainerItemProxy;
			containerPortal = 058059482C6E815B0073FB26 /* Project object */;
			proxyType = 1;
			remoteGlobalIDString = 0580594F2C6E815B0073FB26;
			remoteInfo = Usport;
		};
/* End PBXContainerItemProxy section */

/* Begin PBXFileReference section */
		054D3B462C70A8110049E64F /* Internet Connectivity.swift */ = {isa = PBXFileReference; lastKnownFileType = sourcecode.swift; path = "Internet Connectivity.swift"; sourceTree = "<group>"; };
		054D3B4D2C71DB520049E64F /* Events.swift */ = {isa = PBXFileReference; lastKnownFileType = sourcecode.swift; path = Events.swift; sourceTree = "<group>"; };
		058059502C6E815B0073FB26 /* Usport.app */ = {isa = PBXFileReference; explicitFileType = wrapper.application; includeInIndex = 0; path = Usport.app; sourceTree = BUILT_PRODUCTS_DIR; };
		058059532C6E815B0073FB26 /* AppDelegate.swift */ = {isa = PBXFileReference; lastKnownFileType = sourcecode.swift; path = AppDelegate.swift; sourceTree = "<group>"; };
		058059552C6E815B0073FB26 /* SceneDelegate.swift */ = {isa = PBXFileReference; lastKnownFileType = sourcecode.swift; path = SceneDelegate.swift; sourceTree = "<group>"; };
		0580595A2C6E815B0073FB26 /* Base */ = {isa = PBXFileReference; lastKnownFileType = file.storyboard; name = Base; path = Base.lproj/Main.storyboard; sourceTree = "<group>"; };
		0580595F2C6E815C0073FB26 /* Assets.xcassets */ = {isa = PBXFileReference; lastKnownFileType = folder.assetcatalog; path = Assets.xcassets; sourceTree = "<group>"; };
		058059622C6E815C0073FB26 /* Base */ = {isa = PBXFileReference; lastKnownFileType = file.storyboard; name = Base; path = Base.lproj/LaunchScreen.storyboard; sourceTree = "<group>"; };
		058059642C6E815C0073FB26 /* Info.plist */ = {isa = PBXFileReference; lastKnownFileType = text.plist.xml; path = Info.plist; sourceTree = "<group>"; };
		058059692C6E815D0073FB26 /* UsportTests.xctest */ = {isa = PBXFileReference; explicitFileType = wrapper.cfbundle; includeInIndex = 0; path = UsportTests.xctest; sourceTree = BUILT_PRODUCTS_DIR; };
		0580596D2C6E815D0073FB26 /* UsportTests.swift */ = {isa = PBXFileReference; lastKnownFileType = sourcecode.swift; path = UsportTests.swift; sourceTree = "<group>"; };
		058059732C6E815D0073FB26 /* UsportUITests.xctest */ = {isa = PBXFileReference; explicitFileType = wrapper.cfbundle; includeInIndex = 0; path = UsportUITests.xctest; sourceTree = BUILT_PRODUCTS_DIR; };
		058059772C6E815D0073FB26 /* UsportUITests.swift */ = {isa = PBXFileReference; lastKnownFileType = sourcecode.swift; path = UsportUITests.swift; sourceTree = "<group>"; };
		058059792C6E815D0073FB26 /* UsportUITestsLaunchTests.swift */ = {isa = PBXFileReference; lastKnownFileType = sourcecode.swift; path = UsportUITestsLaunchTests.swift; sourceTree = "<group>"; };
		05F135612C6FD260009D80A8 /* CollectionViewCell.swift */ = {isa = PBXFileReference; fileEncoding = 4; lastKnownFileType = sourcecode.swift; path = CollectionViewCell.swift; sourceTree = "<group>"; };
		05F135622C6FD260009D80A8 /* TeamsViewController.swift */ = {isa = PBXFileReference; fileEncoding = 4; lastKnownFileType = sourcecode.swift; path = TeamsViewController.swift; sourceTree = "<group>"; };
		05F135642C6FD260009D80A8 /* TeamDetailsViewModel.swift */ = {isa = PBXFileReference; fileEncoding = 4; lastKnownFileType = sourcecode.swift; path = TeamDetailsViewModel.swift; sourceTree = "<group>"; };
		05F1357A2C6FD395009D80A8 /* TableViewCell.xib */ = {isa = PBXFileReference; fileEncoding = 4; lastKnownFileType = file.xib; path = TableViewCell.xib; sourceTree = "<group>"; };
		05F1357C2C6FD39A009D80A8 /* TableViewCell.swift */ = {isa = PBXFileReference; fileEncoding = 4; lastKnownFileType = sourcecode.swift; path = TableViewCell.swift; sourceTree = "<group>"; };
		05F1357E2C6FD3B6009D80A8 /* LeaguesViewModel.swift */ = {isa = PBXFileReference; fileEncoding = 4; lastKnownFileType = sourcecode.swift; path = LeaguesViewModel.swift; sourceTree = "<group>"; };
		05F1358C2C6FD471009D80A8 /* NetworkManager.swift */ = {isa = PBXFileReference; fileEncoding = 4; lastKnownFileType = sourcecode.swift; path = NetworkManager.swift; sourceTree = "<group>"; };
		05F135A22C6FD667009D80A8 /* Teams.swift */ = {isa = PBXFileReference; fileEncoding = 4; lastKnownFileType = sourcecode.swift; path = Teams.swift; sourceTree = "<group>"; };
		05F135A42C6FD674009D80A8 /* Leagues.swift */ = {isa = PBXFileReference; fileEncoding = 4; lastKnownFileType = sourcecode.swift; path = Leagues.swift; sourceTree = "<group>"; };
		05F135A62C6FDA58009D80A8 /* TableViewController.swift */ = {isa = PBXFileReference; lastKnownFileType = sourcecode.swift; path = TableViewController.swift; sourceTree = "<group>"; };
		150FB8F22C7212DB00F13F73 /* teamCollectionViewCell.swift */ = {isa = PBXFileReference; lastKnownFileType = sourcecode.swift; path = teamCollectionViewCell.swift; sourceTree = "<group>"; };
		153BA2872C6FCD4300B03119 /* HomeViewController.swift */ = {isa = PBXFileReference; lastKnownFileType = sourcecode.swift; path = HomeViewController.swift; sourceTree = "<group>"; };
		153BA2892C6FCDC800B03119 /* HomeCollectionViewCell.swift */ = {isa = PBXFileReference; lastKnownFileType = sourcecode.swift; path = HomeCollectionViewCell.swift; sourceTree = "<group>"; };
		153BA28B2C6FCE5100B03119 /* leaguesdetails.swift */ = {isa = PBXFileReference; lastKnownFileType = sourcecode.swift; path = leaguesdetails.swift; sourceTree = "<group>"; };
		153BA28D2C6FCE7A00B03119 /* viewmodel.swift */ = {isa = PBXFileReference; lastKnownFileType = sourcecode.swift; path = viewmodel.swift; sourceTree = "<group>"; };
		153BA28F2C6FCEA100B03119 /* homeViewModel.swift */ = {isa = PBXFileReference; lastKnownFileType = sourcecode.swift; path = homeViewModel.swift; sourceTree = "<group>"; };
/* End PBXFileReference section */

/* Begin PBXFrameworksBuildPhase section */
		0580594D2C6E815B0073FB26 /* Frameworks */ = {
			isa = PBXFrameworksBuildPhase;
			buildActionMask = 2147483647;
			files = (
				05F135AC2C6FDAD6009D80A8 /* Kingfisher in Frameworks */,
				05F135AE2C6FDADC009D80A8 /* Alamofire in Frameworks */,
			);
			runOnlyForDeploymentPostprocessing = 0;
		};
		058059662C6E815D0073FB26 /* Frameworks */ = {
			isa = PBXFrameworksBuildPhase;
			buildActionMask = 2147483647;
			files = (
			);
			runOnlyForDeploymentPostprocessing = 0;
		};
		058059702C6E815D0073FB26 /* Frameworks */ = {
			isa = PBXFrameworksBuildPhase;
			buildActionMask = 2147483647;
			files = (
			);
			runOnlyForDeploymentPostprocessing = 0;
		};
/* End PBXFrameworksBuildPhase section */

/* Begin PBXGroup section */
		054D3B452C70A7BE0049E64F /* Internet Connectivity */ = {
			isa = PBXGroup;
			children = (
				054D3B462C70A8110049E64F /* Internet Connectivity.swift */,
			);
			path = "Internet Connectivity";
			sourceTree = "<group>";
		};
		054D3B4C2C71DB3A0049E64F /* EventsResponse */ = {
			isa = PBXGroup;
			children = (
				054D3B4D2C71DB520049E64F /* Events.swift */,
			);
			path = EventsResponse;
			sourceTree = "<group>";
		};
		058059472C6E815B0073FB26 = {
			isa = PBXGroup;
			children = (
				058059522C6E815B0073FB26 /* Usport */,
				0580596C2C6E815D0073FB26 /* UsportTests */,
				058059762C6E815D0073FB26 /* UsportUITests */,
				058059512C6E815B0073FB26 /* Products */,
				05F135AA2C6FDAD6009D80A8 /* Frameworks */,
			);
			sourceTree = "<group>";
		};
		058059512C6E815B0073FB26 /* Products */ = {
			isa = PBXGroup;
			children = (
				058059502C6E815B0073FB26 /* Usport.app */,
				058059692C6E815D0073FB26 /* UsportTests.xctest */,
				058059732C6E815D0073FB26 /* UsportUITests.xctest */,
			);
			name = Products;
			sourceTree = "<group>";
		};
		058059522C6E815B0073FB26 /* Usport */ = {
			isa = PBXGroup;
			children = (
				05F1358F2C6FD471009D80A8 /* Service */,
				05F1359F2C6FD613009D80A8 /* Model */,
				153BA2782C6FC6FF00B03119 /* Modules */,
				15A1EDBA2C6F8CC000C75AC4 /* View */,
				058059532C6E815B0073FB26 /* AppDelegate.swift */,
				058059552C6E815B0073FB26 /* SceneDelegate.swift */,
				0580595F2C6E815C0073FB26 /* Assets.xcassets */,
				058059642C6E815C0073FB26 /* Info.plist */,
			);
			path = Usport;
			sourceTree = "<group>";
		};
		0580596C2C6E815D0073FB26 /* UsportTests */ = {
			isa = PBXGroup;
			children = (
				0580596D2C6E815D0073FB26 /* UsportTests.swift */,
			);
			path = UsportTests;
			sourceTree = "<group>";
		};
		058059762C6E815D0073FB26 /* UsportUITests */ = {
			isa = PBXGroup;
			children = (
				058059772C6E815D0073FB26 /* UsportUITests.swift */,
				058059792C6E815D0073FB26 /* UsportUITestsLaunchTests.swift */,
			);
			path = UsportUITests;
			sourceTree = "<group>";
		};
		05F135632C6FD260009D80A8 /* view */ = {
			isa = PBXGroup;
			children = (
				05F135612C6FD260009D80A8 /* CollectionViewCell.swift */,
				05F135622C6FD260009D80A8 /* TeamsViewController.swift */,
			);
			path = view;
			sourceTree = "<group>";
		};
		05F135652C6FD260009D80A8 /* viewModel */ = {
			isa = PBXGroup;
			children = (
				05F135642C6FD260009D80A8 /* TeamDetailsViewModel.swift */,
			);
			path = viewModel;
			sourceTree = "<group>";
		};
		05F135662C6FD260009D80A8 /* TeamDetails */ = {
			isa = PBXGroup;
			children = (
				05F135632C6FD260009D80A8 /* view */,
				05F135652C6FD260009D80A8 /* viewModel */,
			);
			path = TeamDetails;
			sourceTree = "<group>";
		};
		05F135752C6FD301009D80A8 /* Leagues */ = {
			isa = PBXGroup;
			children = (
				05F135772C6FD341009D80A8 /* LeaguesViewModel */,
				05F135762C6FD33D009D80A8 /* view */,
			);
			path = Leagues;
			sourceTree = "<group>";
		};
		05F135762C6FD33D009D80A8 /* view */ = {
			isa = PBXGroup;
			children = (
				05F1357C2C6FD39A009D80A8 /* TableViewCell.swift */,
				05F1357A2C6FD395009D80A8 /* TableViewCell.xib */,
				05F135A62C6FDA58009D80A8 /* TableViewController.swift */,
			);
			path = view;
			sourceTree = "<group>";
		};
		05F135772C6FD341009D80A8 /* LeaguesViewModel */ = {
			isa = PBXGroup;
			children = (
				05F1357E2C6FD3B6009D80A8 /* LeaguesViewModel.swift */,
			);
			path = LeaguesViewModel;
			sourceTree = "<group>";
		};
		05F1358D2C6FD471009D80A8 /* NetworkManager */ = {
			isa = PBXGroup;
			children = (
				05F1358C2C6FD471009D80A8 /* NetworkManager.swift */,
			);
			path = NetworkManager;
			sourceTree = "<group>";
		};
		05F1358E2C6FD471009D80A8 /* NetworkManager */ = {
			isa = PBXGroup;
			children = (
				054D3B452C70A7BE0049E64F /* Internet Connectivity */,
				05F1358D2C6FD471009D80A8 /* NetworkManager */,
			);
			path = NetworkManager;
			sourceTree = "<group>";
		};
		05F1358F2C6FD471009D80A8 /* Service */ = {
			isa = PBXGroup;
			children = (
				150FB8F12C71F1A500F13F73 /* CoreDataManager */,
				05F1358E2C6FD471009D80A8 /* NetworkManager */,
			);
			path = Service;
			sourceTree = "<group>";
		};
		05F1359F2C6FD613009D80A8 /* Model */ = {
			isa = PBXGroup;
			children = (
				054D3B4C2C71DB3A0049E64F /* EventsResponse */,
				05F135A12C6FD639009D80A8 /* TeamsResponse */,
				05F135A02C6FD61A009D80A8 /* LeaguesResponse */,
			);
			path = Model;
			sourceTree = "<group>";
		};
		05F135A02C6FD61A009D80A8 /* LeaguesResponse */ = {
			isa = PBXGroup;
			children = (
				05F135A42C6FD674009D80A8 /* Leagues.swift */,
			);
			path = LeaguesResponse;
			sourceTree = "<group>";
		};
		05F135A12C6FD639009D80A8 /* TeamsResponse */ = {
			isa = PBXGroup;
			children = (
				05F135A22C6FD667009D80A8 /* Teams.swift */,
			);
			path = TeamsResponse;
			sourceTree = "<group>";
		};
		05F135AA2C6FDAD6009D80A8 /* Frameworks */ = {
			isa = PBXGroup;
			children = (
			);
			name = Frameworks;
			sourceTree = "<group>";
		};
		150FB8F12C71F1A500F13F73 /* CoreDataManager */ = {
			isa = PBXGroup;
			children = (
			);
			path = CoreDataManager;
			sourceTree = "<group>";
		};
		153BA2782C6FC6FF00B03119 /* Modules */ = {
			isa = PBXGroup;
			children = (
				153BA27A2C6FC71200B03119 /* Home */,
				05F135752C6FD301009D80A8 /* Leagues */,
				153BA2792C6FC70900B03119 /* leagueDetails  */,
				05F135662C6FD260009D80A8 /* TeamDetails */,
			);
			path = Modules;
			sourceTree = "<group>";
		};
		153BA2792C6FC70900B03119 /* leagueDetails  */ = {
			isa = PBXGroup;
			children = (
				153BA27E2C6FC73800B03119 /* View */,
				153BA27D2C6FC72E00B03119 /* ViewModel */,
			);
			path = "leagueDetails ";
			sourceTree = "<group>";
		};
		153BA27A2C6FC71200B03119 /* Home */ = {
			isa = PBXGroup;
			children = (
				153BA27C2C6FC72700B03119 /* View */,
				153BA27B2C6FC71900B03119 /* ViewModel */,
			);
			path = Home;
			sourceTree = "<group>";
		};
		153BA27B2C6FC71900B03119 /* ViewModel */ = {
			isa = PBXGroup;
			children = (
				153BA28F2C6FCEA100B03119 /* homeViewModel.swift */,
			);
			path = ViewModel;
			sourceTree = "<group>";
		};
		153BA27C2C6FC72700B03119 /* View */ = {
			isa = PBXGroup;
			children = (
				153BA2872C6FCD4300B03119 /* HomeViewController.swift */,
				153BA2892C6FCDC800B03119 /* HomeCollectionViewCell.swift */,
			);
			path = View;
			sourceTree = "<group>";
		};
		153BA27D2C6FC72E00B03119 /* ViewModel */ = {
			isa = PBXGroup;
			children = (
				153BA28D2C6FCE7A00B03119 /* viewmodel.swift */,
			);
			path = ViewModel;
			sourceTree = "<group>";
		};
		153BA27E2C6FC73800B03119 /* View */ = {
			isa = PBXGroup;
			children = (
				153BA28B2C6FCE5100B03119 /* leaguesdetails.swift */,
				150FB8F22C7212DB00F13F73 /* teamCollectionViewCell.swift */,
			);
			path = View;
			sourceTree = "<group>";
		};
		15A1EDBA2C6F8CC000C75AC4 /* View */ = {
			isa = PBXGroup;
			children = (
				058059592C6E815B0073FB26 /* Main.storyboard */,
				058059612C6E815C0073FB26 /* LaunchScreen.storyboard */,
			);
			path = View;
			sourceTree = "<group>";
		};
/* End PBXGroup section */

/* Begin PBXNativeTarget section */
		0580594F2C6E815B0073FB26 /* Usport */ = {
			isa = PBXNativeTarget;
			buildConfigurationList = 0580597D2C6E815D0073FB26 /* Build configuration list for PBXNativeTarget "Usport" */;
			buildPhases = (
				0580594C2C6E815B0073FB26 /* Sources */,
				0580594D2C6E815B0073FB26 /* Frameworks */,
				0580594E2C6E815B0073FB26 /* Resources */,
			);
			buildRules = (
			);
			dependencies = (
			);
			name = Usport;
			packageProductDependencies = (
				05F135AB2C6FDAD6009D80A8 /* Kingfisher */,
				05F135AD2C6FDADC009D80A8 /* Alamofire */,
			);
			productName = Usport;
			productReference = 058059502C6E815B0073FB26 /* Usport.app */;
			productType = "com.apple.product-type.application";
		};
		058059682C6E815D0073FB26 /* UsportTests */ = {
			isa = PBXNativeTarget;
			buildConfigurationList = 058059802C6E815D0073FB26 /* Build configuration list for PBXNativeTarget "UsportTests" */;
			buildPhases = (
				058059652C6E815D0073FB26 /* Sources */,
				058059662C6E815D0073FB26 /* Frameworks */,
				058059672C6E815D0073FB26 /* Resources */,
			);
			buildRules = (
			);
			dependencies = (
				0580596B2C6E815D0073FB26 /* PBXTargetDependency */,
			);
			name = UsportTests;
			productName = UsportTests;
			productReference = 058059692C6E815D0073FB26 /* UsportTests.xctest */;
			productType = "com.apple.product-type.bundle.unit-test";
		};
		058059722C6E815D0073FB26 /* UsportUITests */ = {
			isa = PBXNativeTarget;
			buildConfigurationList = 058059832C6E815D0073FB26 /* Build configuration list for PBXNativeTarget "UsportUITests" */;
			buildPhases = (
				0580596F2C6E815D0073FB26 /* Sources */,
				058059702C6E815D0073FB26 /* Frameworks */,
				058059712C6E815D0073FB26 /* Resources */,
			);
			buildRules = (
			);
			dependencies = (
				058059752C6E815D0073FB26 /* PBXTargetDependency */,
			);
			name = UsportUITests;
			productName = UsportUITests;
			productReference = 058059732C6E815D0073FB26 /* UsportUITests.xctest */;
			productType = "com.apple.product-type.bundle.ui-testing";
		};
/* End PBXNativeTarget section */

/* Begin PBXProject section */
		058059482C6E815B0073FB26 /* Project object */ = {
			isa = PBXProject;
			attributes = {
				BuildIndependentTargetsInParallel = 1;
				LastSwiftUpdateCheck = 1540;
				LastUpgradeCheck = 1540;
				TargetAttributes = {
					0580594F2C6E815B0073FB26 = {
						CreatedOnToolsVersion = 15.4;
					};
					058059682C6E815D0073FB26 = {
						CreatedOnToolsVersion = 15.4;
						TestTargetID = 0580594F2C6E815B0073FB26;
					};
					058059722C6E815D0073FB26 = {
						CreatedOnToolsVersion = 15.4;
						TestTargetID = 0580594F2C6E815B0073FB26;
					};
				};
			};
			buildConfigurationList = 0580594B2C6E815B0073FB26 /* Build configuration list for PBXProject "Usport" */;
			compatibilityVersion = "Xcode 14.0";
			developmentRegion = en;
			hasScannedForEncodings = 0;
			knownRegions = (
				en,
				Base,
			);
			mainGroup = 058059472C6E815B0073FB26;
			packageReferences = (
				05F135A82C6FDAAD009D80A8 /* XCRemoteSwiftPackageReference "Kingfisher" */,
				05F135A92C6FDAC4009D80A8 /* XCRemoteSwiftPackageReference "Alamofire" */,
			);
			productRefGroup = 058059512C6E815B0073FB26 /* Products */;
			projectDirPath = "";
			projectRoot = "";
			targets = (
				0580594F2C6E815B0073FB26 /* Usport */,
				058059682C6E815D0073FB26 /* UsportTests */,
				058059722C6E815D0073FB26 /* UsportUITests */,
			);
		};
/* End PBXProject section */

/* Begin PBXResourcesBuildPhase section */
		0580594E2C6E815B0073FB26 /* Resources */ = {
			isa = PBXResourcesBuildPhase;
			buildActionMask = 2147483647;
			files = (
				058059602C6E815C0073FB26 /* Assets.xcassets in Resources */,
				05F1357B2C6FD395009D80A8 /* TableViewCell.xib in Resources */,
				058059632C6E815C0073FB26 /* Base in Resources */,
				0580595B2C6E815B0073FB26 /* Base in Resources */,
			);
			runOnlyForDeploymentPostprocessing = 0;
		};
		058059672C6E815D0073FB26 /* Resources */ = {
			isa = PBXResourcesBuildPhase;
			buildActionMask = 2147483647;
			files = (
			);
			runOnlyForDeploymentPostprocessing = 0;
		};
		058059712C6E815D0073FB26 /* Resources */ = {
			isa = PBXResourcesBuildPhase;
			buildActionMask = 2147483647;
			files = (
			);
			runOnlyForDeploymentPostprocessing = 0;
		};
/* End PBXResourcesBuildPhase section */

/* Begin PBXSourcesBuildPhase section */
		0580594C2C6E815B0073FB26 /* Sources */ = {
			isa = PBXSourcesBuildPhase;
			buildActionMask = 2147483647;
			files = (
				054D3B4E2C71DB520049E64F /* Events.swift in Sources */,
				05F135A32C6FD667009D80A8 /* Teams.swift in Sources */,
				05F135942C6FD471009D80A8 /* NetworkManager.swift in Sources */,
				05F135A72C6FDA58009D80A8 /* TableViewController.swift in Sources */,
				153BA2902C6FCEA100B03119 /* homeViewModel.swift in Sources */,
				05F1357F2C6FD3B6009D80A8 /* LeaguesViewModel.swift in Sources */,
				05F135A52C6FD674009D80A8 /* Leagues.swift in Sources */,
				153BA28A2C6FCDC800B03119 /* HomeCollectionViewCell.swift in Sources */,
				05F135672C6FD260009D80A8 /* CollectionViewCell.swift in Sources */,
				058059542C6E815B0073FB26 /* AppDelegate.swift in Sources */,
				153BA28E2C6FCE7A00B03119 /* viewmodel.swift in Sources */,
				153BA28C2C6FCE5100B03119 /* leaguesdetails.swift in Sources */,
				150FB8F32C7212DB00F13F73 /* teamCollectionViewCell.swift in Sources */,
				058059562C6E815B0073FB26 /* SceneDelegate.swift in Sources */,
				05F135682C6FD260009D80A8 /* TeamsViewController.swift in Sources */,
				05F1357D2C6FD39A009D80A8 /* TableViewCell.swift in Sources */,
				054D3B472C70A8110049E64F /* Internet Connectivity.swift in Sources */,
				05F135692C6FD260009D80A8 /* TeamDetailsViewModel.swift in Sources */,
				153BA2882C6FCD4300B03119 /* HomeViewController.swift in Sources */,
			);
			runOnlyForDeploymentPostprocessing = 0;
		};
		058059652C6E815D0073FB26 /* Sources */ = {
			isa = PBXSourcesBuildPhase;
			buildActionMask = 2147483647;
			files = (
				0580596E2C6E815D0073FB26 /* UsportTests.swift in Sources */,
			);
			runOnlyForDeploymentPostprocessing = 0;
		};
		0580596F2C6E815D0073FB26 /* Sources */ = {
			isa = PBXSourcesBuildPhase;
			buildActionMask = 2147483647;
			files = (
				058059782C6E815D0073FB26 /* UsportUITests.swift in Sources */,
				0580597A2C6E815D0073FB26 /* UsportUITestsLaunchTests.swift in Sources */,
			);
			runOnlyForDeploymentPostprocessing = 0;
		};
/* End PBXSourcesBuildPhase section */

/* Begin PBXTargetDependency section */
		0580596B2C6E815D0073FB26 /* PBXTargetDependency */ = {
			isa = PBXTargetDependency;
			target = 0580594F2C6E815B0073FB26 /* Usport */;
			targetProxy = 0580596A2C6E815D0073FB26 /* PBXContainerItemProxy */;
		};
		058059752C6E815D0073FB26 /* PBXTargetDependency */ = {
			isa = PBXTargetDependency;
			target = 0580594F2C6E815B0073FB26 /* Usport */;
			targetProxy = 058059742C6E815D0073FB26 /* PBXContainerItemProxy */;
		};
/* End PBXTargetDependency section */

/* Begin PBXVariantGroup section */
		058059592C6E815B0073FB26 /* Main.storyboard */ = {
			isa = PBXVariantGroup;
			children = (
				0580595A2C6E815B0073FB26 /* Base */,
			);
			name = Main.storyboard;
			sourceTree = "<group>";
		};
		058059612C6E815C0073FB26 /* LaunchScreen.storyboard */ = {
			isa = PBXVariantGroup;
			children = (
				058059622C6E815C0073FB26 /* Base */,
			);
			name = LaunchScreen.storyboard;
			sourceTree = "<group>";
		};
/* End PBXVariantGroup section */

/* Begin XCBuildConfiguration section */
		0580597B2C6E815D0073FB26 /* Debug */ = {
			isa = XCBuildConfiguration;
			buildSettings = {
				ALWAYS_SEARCH_USER_PATHS = NO;
				ASSETCATALOG_COMPILER_GENERATE_SWIFT_ASSET_SYMBOL_EXTENSIONS = YES;
				CLANG_ANALYZER_NONNULL = YES;
				CLANG_ANALYZER_NUMBER_OBJECT_CONVERSION = YES_AGGRESSIVE;
				CLANG_CXX_LANGUAGE_STANDARD = "gnu++20";
				CLANG_ENABLE_MODULES = YES;
				CLANG_ENABLE_OBJC_ARC = YES;
				CLANG_ENABLE_OBJC_WEAK = YES;
				CLANG_WARN_BLOCK_CAPTURE_AUTORELEASING = YES;
				CLANG_WARN_BOOL_CONVERSION = YES;
				CLANG_WARN_COMMA = YES;
				CLANG_WARN_CONSTANT_CONVERSION = YES;
				CLANG_WARN_DEPRECATED_OBJC_IMPLEMENTATIONS = YES;
				CLANG_WARN_DIRECT_OBJC_ISA_USAGE = YES_ERROR;
				CLANG_WARN_DOCUMENTATION_COMMENTS = YES;
				CLANG_WARN_EMPTY_BODY = YES;
				CLANG_WARN_ENUM_CONVERSION = YES;
				CLANG_WARN_INFINITE_RECURSION = YES;
				CLANG_WARN_INT_CONVERSION = YES;
				CLANG_WARN_NON_LITERAL_NULL_CONVERSION = YES;
				CLANG_WARN_OBJC_IMPLICIT_RETAIN_SELF = YES;
				CLANG_WARN_OBJC_LITERAL_CONVERSION = YES;
				CLANG_WARN_OBJC_ROOT_CLASS = YES_ERROR;
				CLANG_WARN_QUOTED_INCLUDE_IN_FRAMEWORK_HEADER = YES;
				CLANG_WARN_RANGE_LOOP_ANALYSIS = YES;
				CLANG_WARN_STRICT_PROTOTYPES = YES;
				CLANG_WARN_SUSPICIOUS_MOVE = YES;
				CLANG_WARN_UNGUARDED_AVAILABILITY = YES_AGGRESSIVE;
				CLANG_WARN_UNREACHABLE_CODE = YES;
				CLANG_WARN__DUPLICATE_METHOD_MATCH = YES;
				COPY_PHASE_STRIP = NO;
				DEBUG_INFORMATION_FORMAT = dwarf;
				ENABLE_STRICT_OBJC_MSGSEND = YES;
				ENABLE_TESTABILITY = YES;
				ENABLE_USER_SCRIPT_SANDBOXING = YES;
				GCC_C_LANGUAGE_STANDARD = gnu17;
				GCC_DYNAMIC_NO_PIC = NO;
				GCC_NO_COMMON_BLOCKS = YES;
				GCC_OPTIMIZATION_LEVEL = 0;
				GCC_PREPROCESSOR_DEFINITIONS = (
					"DEBUG=1",
					"$(inherited)",
				);
				GCC_WARN_64_TO_32_BIT_CONVERSION = YES;
				GCC_WARN_ABOUT_RETURN_TYPE = YES_ERROR;
				GCC_WARN_UNDECLARED_SELECTOR = YES;
				GCC_WARN_UNINITIALIZED_AUTOS = YES_AGGRESSIVE;
				GCC_WARN_UNUSED_FUNCTION = YES;
				GCC_WARN_UNUSED_VARIABLE = YES;
				IPHONEOS_DEPLOYMENT_TARGET = 17.5;
				LOCALIZATION_PREFERS_STRING_CATALOGS = YES;
				MTL_ENABLE_DEBUG_INFO = INCLUDE_SOURCE;
				MTL_FAST_MATH = YES;
				ONLY_ACTIVE_ARCH = YES;
				SDKROOT = iphoneos;
				SWIFT_ACTIVE_COMPILATION_CONDITIONS = "DEBUG $(inherited)";
				SWIFT_OPTIMIZATION_LEVEL = "-Onone";
			};
			name = Debug;
		};
		0580597C2C6E815D0073FB26 /* Release */ = {
			isa = XCBuildConfiguration;
			buildSettings = {
				ALWAYS_SEARCH_USER_PATHS = NO;
				ASSETCATALOG_COMPILER_GENERATE_SWIFT_ASSET_SYMBOL_EXTENSIONS = YES;
				CLANG_ANALYZER_NONNULL = YES;
				CLANG_ANALYZER_NUMBER_OBJECT_CONVERSION = YES_AGGRESSIVE;
				CLANG_CXX_LANGUAGE_STANDARD = "gnu++20";
				CLANG_ENABLE_MODULES = YES;
				CLANG_ENABLE_OBJC_ARC = YES;
				CLANG_ENABLE_OBJC_WEAK = YES;
				CLANG_WARN_BLOCK_CAPTURE_AUTORELEASING = YES;
				CLANG_WARN_BOOL_CONVERSION = YES;
				CLANG_WARN_COMMA = YES;
				CLANG_WARN_CONSTANT_CONVERSION = YES;
				CLANG_WARN_DEPRECATED_OBJC_IMPLEMENTATIONS = YES;
				CLANG_WARN_DIRECT_OBJC_ISA_USAGE = YES_ERROR;
				CLANG_WARN_DOCUMENTATION_COMMENTS = YES;
				CLANG_WARN_EMPTY_BODY = YES;
				CLANG_WARN_ENUM_CONVERSION = YES;
				CLANG_WARN_INFINITE_RECURSION = YES;
				CLANG_WARN_INT_CONVERSION = YES;
				CLANG_WARN_NON_LITERAL_NULL_CONVERSION = YES;
				CLANG_WARN_OBJC_IMPLICIT_RETAIN_SELF = YES;
				CLANG_WARN_OBJC_LITERAL_CONVERSION = YES;
				CLANG_WARN_OBJC_ROOT_CLASS = YES_ERROR;
				CLANG_WARN_QUOTED_INCLUDE_IN_FRAMEWORK_HEADER = YES;
				CLANG_WARN_RANGE_LOOP_ANALYSIS = YES;
				CLANG_WARN_STRICT_PROTOTYPES = YES;
				CLANG_WARN_SUSPICIOUS_MOVE = YES;
				CLANG_WARN_UNGUARDED_AVAILABILITY = YES_AGGRESSIVE;
				CLANG_WARN_UNREACHABLE_CODE = YES;
				CLANG_WARN__DUPLICATE_METHOD_MATCH = YES;
				COPY_PHASE_STRIP = NO;
				DEBUG_INFORMATION_FORMAT = "dwarf-with-dsym";
				ENABLE_NS_ASSERTIONS = NO;
				ENABLE_STRICT_OBJC_MSGSEND = YES;
				ENABLE_USER_SCRIPT_SANDBOXING = YES;
				GCC_C_LANGUAGE_STANDARD = gnu17;
				GCC_NO_COMMON_BLOCKS = YES;
				GCC_WARN_64_TO_32_BIT_CONVERSION = YES;
				GCC_WARN_ABOUT_RETURN_TYPE = YES_ERROR;
				GCC_WARN_UNDECLARED_SELECTOR = YES;
				GCC_WARN_UNINITIALIZED_AUTOS = YES_AGGRESSIVE;
				GCC_WARN_UNUSED_FUNCTION = YES;
				GCC_WARN_UNUSED_VARIABLE = YES;
				IPHONEOS_DEPLOYMENT_TARGET = 17.5;
				LOCALIZATION_PREFERS_STRING_CATALOGS = YES;
				MTL_ENABLE_DEBUG_INFO = NO;
				MTL_FAST_MATH = YES;
				SDKROOT = iphoneos;
				SWIFT_COMPILATION_MODE = wholemodule;
				VALIDATE_PRODUCT = YES;
			};
			name = Release;
		};
		0580597E2C6E815D0073FB26 /* Debug */ = {
			isa = XCBuildConfiguration;
			buildSettings = {
				ASSETCATALOG_COMPILER_APPICON_NAME = AppIcon;
				ASSETCATALOG_COMPILER_GLOBAL_ACCENT_COLOR_NAME = AccentColor;
				CODE_SIGN_STYLE = Automatic;
				CURRENT_PROJECT_VERSION = 1;
				GENERATE_INFOPLIST_FILE = YES;
				INFOPLIST_FILE = Usport/Info.plist;
				INFOPLIST_KEY_UIApplicationSupportsIndirectInputEvents = YES;
				INFOPLIST_KEY_UILaunchStoryboardName = LaunchScreen;
				INFOPLIST_KEY_UIMainStoryboardFile = Main;
				INFOPLIST_KEY_UISupportedInterfaceOrientations_iPad = "UIInterfaceOrientationPortrait UIInterfaceOrientationPortraitUpsideDown UIInterfaceOrientationLandscapeLeft UIInterfaceOrientationLandscapeRight";
				INFOPLIST_KEY_UISupportedInterfaceOrientations_iPhone = "UIInterfaceOrientationPortrait UIInterfaceOrientationLandscapeLeft UIInterfaceOrientationLandscapeRight";
				LD_RUNPATH_SEARCH_PATHS = (
					"$(inherited)",
					"@executable_path/Frameworks",
				);
				MARKETING_VERSION = 1.0;
				PRODUCT_BUNDLE_IDENTIFIER = com.Usport;
				PRODUCT_NAME = "$(TARGET_NAME)";
				SWIFT_EMIT_LOC_STRINGS = YES;
				SWIFT_VERSION = 5.0;
				TARGETED_DEVICE_FAMILY = "1,2";
			};
			name = Debug;
		};
		0580597F2C6E815D0073FB26 /* Release */ = {
			isa = XCBuildConfiguration;
			buildSettings = {
				ASSETCATALOG_COMPILER_APPICON_NAME = AppIcon;
				ASSETCATALOG_COMPILER_GLOBAL_ACCENT_COLOR_NAME = AccentColor;
				CODE_SIGN_STYLE = Automatic;
				CURRENT_PROJECT_VERSION = 1;
				GENERATE_INFOPLIST_FILE = YES;
				INFOPLIST_FILE = Usport/Info.plist;
				INFOPLIST_KEY_UIApplicationSupportsIndirectInputEvents = YES;
				INFOPLIST_KEY_UILaunchStoryboardName = LaunchScreen;
				INFOPLIST_KEY_UIMainStoryboardFile = Main;
				INFOPLIST_KEY_UISupportedInterfaceOrientations_iPad = "UIInterfaceOrientationPortrait UIInterfaceOrientationPortraitUpsideDown UIInterfaceOrientationLandscapeLeft UIInterfaceOrientationLandscapeRight";
				INFOPLIST_KEY_UISupportedInterfaceOrientations_iPhone = "UIInterfaceOrientationPortrait UIInterfaceOrientationLandscapeLeft UIInterfaceOrientationLandscapeRight";
				LD_RUNPATH_SEARCH_PATHS = (
					"$(inherited)",
					"@executable_path/Frameworks",
				);
				MARKETING_VERSION = 1.0;
				PRODUCT_BUNDLE_IDENTIFIER = com.Usport;
				PRODUCT_NAME = "$(TARGET_NAME)";
				SWIFT_EMIT_LOC_STRINGS = YES;
				SWIFT_VERSION = 5.0;
				TARGETED_DEVICE_FAMILY = "1,2";
			};
			name = Release;
		};
		058059812C6E815D0073FB26 /* Debug */ = {
			isa = XCBuildConfiguration;
			buildSettings = {
				ALWAYS_EMBED_SWIFT_STANDARD_LIBRARIES = YES;
				BUNDLE_LOADER = "$(TEST_HOST)";
				CODE_SIGN_STYLE = Automatic;
				CURRENT_PROJECT_VERSION = 1;
				GENERATE_INFOPLIST_FILE = YES;
				IPHONEOS_DEPLOYMENT_TARGET = 17.5;
				MARKETING_VERSION = 1.0;
				PRODUCT_BUNDLE_IDENTIFIER = com.UsportTests;
				PRODUCT_NAME = "$(TARGET_NAME)";
				SWIFT_EMIT_LOC_STRINGS = NO;
				SWIFT_VERSION = 5.0;
				TARGETED_DEVICE_FAMILY = "1,2";
				TEST_HOST = "$(BUILT_PRODUCTS_DIR)/Usport.app/$(BUNDLE_EXECUTABLE_FOLDER_PATH)/Usport";
			};
			name = Debug;
		};
		058059822C6E815D0073FB26 /* Release */ = {
			isa = XCBuildConfiguration;
			buildSettings = {
				ALWAYS_EMBED_SWIFT_STANDARD_LIBRARIES = YES;
				BUNDLE_LOADER = "$(TEST_HOST)";
				CODE_SIGN_STYLE = Automatic;
				CURRENT_PROJECT_VERSION = 1;
				GENERATE_INFOPLIST_FILE = YES;
				IPHONEOS_DEPLOYMENT_TARGET = 17.5;
				MARKETING_VERSION = 1.0;
				PRODUCT_BUNDLE_IDENTIFIER = com.UsportTests;
				PRODUCT_NAME = "$(TARGET_NAME)";
				SWIFT_EMIT_LOC_STRINGS = NO;
				SWIFT_VERSION = 5.0;
				TARGETED_DEVICE_FAMILY = "1,2";
				TEST_HOST = "$(BUILT_PRODUCTS_DIR)/Usport.app/$(BUNDLE_EXECUTABLE_FOLDER_PATH)/Usport";
			};
			name = Release;
		};
		058059842C6E815D0073FB26 /* Debug */ = {
			isa = XCBuildConfiguration;
			buildSettings = {
				ALWAYS_EMBED_SWIFT_STANDARD_LIBRARIES = YES;
				CODE_SIGN_STYLE = Automatic;
				CURRENT_PROJECT_VERSION = 1;
				GENERATE_INFOPLIST_FILE = YES;
				MARKETING_VERSION = 1.0;
				PRODUCT_BUNDLE_IDENTIFIER = com.UsportUITests;
				PRODUCT_NAME = "$(TARGET_NAME)";
				SWIFT_EMIT_LOC_STRINGS = NO;
				SWIFT_VERSION = 5.0;
				TARGETED_DEVICE_FAMILY = "1,2";
				TEST_TARGET_NAME = Usport;
			};
			name = Debug;
		};
		058059852C6E815D0073FB26 /* Release */ = {
			isa = XCBuildConfiguration;
			buildSettings = {
				ALWAYS_EMBED_SWIFT_STANDARD_LIBRARIES = YES;
				CODE_SIGN_STYLE = Automatic;
				CURRENT_PROJECT_VERSION = 1;
				GENERATE_INFOPLIST_FILE = YES;
				MARKETING_VERSION = 1.0;
				PRODUCT_BUNDLE_IDENTIFIER = com.UsportUITests;
				PRODUCT_NAME = "$(TARGET_NAME)";
				SWIFT_EMIT_LOC_STRINGS = NO;
				SWIFT_VERSION = 5.0;
				TARGETED_DEVICE_FAMILY = "1,2";
				TEST_TARGET_NAME = Usport;
			};
			name = Release;
		};
/* End XCBuildConfiguration section */

/* Begin XCConfigurationList section */
		0580594B2C6E815B0073FB26 /* Build configuration list for PBXProject "Usport" */ = {
			isa = XCConfigurationList;
			buildConfigurations = (
				0580597B2C6E815D0073FB26 /* Debug */,
				0580597C2C6E815D0073FB26 /* Release */,
			);
			defaultConfigurationIsVisible = 0;
			defaultConfigurationName = Release;
		};
		0580597D2C6E815D0073FB26 /* Build configuration list for PBXNativeTarget "Usport" */ = {
			isa = XCConfigurationList;
			buildConfigurations = (
				0580597E2C6E815D0073FB26 /* Debug */,
				0580597F2C6E815D0073FB26 /* Release */,
			);
			defaultConfigurationIsVisible = 0;
			defaultConfigurationName = Release;
		};
		058059802C6E815D0073FB26 /* Build configuration list for PBXNativeTarget "UsportTests" */ = {
			isa = XCConfigurationList;
			buildConfigurations = (
				058059812C6E815D0073FB26 /* Debug */,
				058059822C6E815D0073FB26 /* Release */,
			);
			defaultConfigurationIsVisible = 0;
			defaultConfigurationName = Release;
		};
		058059832C6E815D0073FB26 /* Build configuration list for PBXNativeTarget "UsportUITests" */ = {
			isa = XCConfigurationList;
			buildConfigurations = (
				058059842C6E815D0073FB26 /* Debug */,
				058059852C6E815D0073FB26 /* Release */,
			);
			defaultConfigurationIsVisible = 0;
			defaultConfigurationName = Release;
		};
/* End XCConfigurationList section */

/* Begin XCRemoteSwiftPackageReference section */
		05F135A82C6FDAAD009D80A8 /* XCRemoteSwiftPackageReference "Kingfisher" */ = {
			isa = XCRemoteSwiftPackageReference;
			repositoryURL = "https://github.com/onevcat/Kingfisher.git";
			requirement = {
				kind = upToNextMajorVersion;
				minimumVersion = 7.12.0;
			};
		};
		05F135A92C6FDAC4009D80A8 /* XCRemoteSwiftPackageReference "Alamofire" */ = {
			isa = XCRemoteSwiftPackageReference;
			repositoryURL = "https://github.com/Alamofire/Alamofire.git";
			requirement = {
				kind = upToNextMajorVersion;
				minimumVersion = 5.9.1;
			};
		};
/* End XCRemoteSwiftPackageReference section */

/* Begin XCSwiftPackageProductDependency section */
		05F135AB2C6FDAD6009D80A8 /* Kingfisher */ = {
			isa = XCSwiftPackageProductDependency;
			package = 05F135A82C6FDAAD009D80A8 /* XCRemoteSwiftPackageReference "Kingfisher" */;
			productName = Kingfisher;
		};
		05F135AD2C6FDADC009D80A8 /* Alamofire */ = {
			isa = XCSwiftPackageProductDependency;
			package = 05F135A92C6FDAC4009D80A8 /* XCRemoteSwiftPackageReference "Alamofire" */;
			productName = Alamofire;
		};
/* End XCSwiftPackageProductDependency section */
	};
	rootObject = 058059482C6E815B0073FB26 /* Project object */;
}
